// !$*UTF8*$!
{
	archiveVersion = 1;
	classes = {
	};
	objectVersion = 56;
	objects = {

/* Begin PBXBuildFile section */
		1780E3794BC1779E569A69D2 /* Pods_Capstone_Project.framework in Frameworks */ = {isa = PBXBuildFile; fileRef = E4D173E6CD7E73328863FE61 /* Pods_Capstone_Project.framework */; };
		B33BDC2F293EC1260043C2DB /* Capstone_ProjectApp.swift in Sources */ = {isa = PBXBuildFile; fileRef = B33BDC2E293EC1260043C2DB /* Capstone_ProjectApp.swift */; };
		B33BDC33293EC1270043C2DB /* Assets.xcassets in Resources */ = {isa = PBXBuildFile; fileRef = B33BDC32293EC1270043C2DB /* Assets.xcassets */; };
		B33BDC36293EC1270043C2DB /* Preview Assets.xcassets in Resources */ = {isa = PBXBuildFile; fileRef = B33BDC35293EC1270043C2DB /* Preview Assets.xcassets */; };
		B3423B592940188300D5C381 /* BottomTabBar.swift in Sources */ = {isa = PBXBuildFile; fileRef = B3423B582940188300D5C381 /* BottomTabBar.swift */; };
		B3D99472296A9CEB00F54D06 /* Capstone_ProjectTests.swift in Sources */ = {isa = PBXBuildFile; fileRef = B3D99471296A9CEB00F54D06 /* Capstone_ProjectTests.swift */; };
		B3D9B82129646BDF00973C96 /* About.framework in Frameworks */ = {isa = PBXBuildFile; fileRef = B3D9B82029646BDF00973C96 /* About.framework */; };
		B3D9B82229646BDF00973C96 /* About.framework in Embed Frameworks */ = {isa = PBXBuildFile; fileRef = B3D9B82029646BDF00973C96 /* About.framework */; settings = {ATTRIBUTES = (CodeSignOnCopy, RemoveHeadersOnCopy, ); }; };
		B3F9A7452968DDF6009C97BD /* Favorite.framework in Frameworks */ = {isa = PBXBuildFile; fileRef = B3F9A7432968DDF6009C97BD /* Favorite.framework */; };
		B3F9A7462968DDF6009C97BD /* Favorite.framework in Embed Frameworks */ = {isa = PBXBuildFile; fileRef = B3F9A7432968DDF6009C97BD /* Favorite.framework */; settings = {ATTRIBUTES = (CodeSignOnCopy, RemoveHeadersOnCopy, ); }; };
		B3F9A7472968DDF6009C97BD /* Food.framework in Frameworks */ = {isa = PBXBuildFile; fileRef = B3F9A7442968DDF6009C97BD /* Food.framework */; };
		B3F9A7482968DDF6009C97BD /* Food.framework in Embed Frameworks */ = {isa = PBXBuildFile; fileRef = B3F9A7442968DDF6009C97BD /* Food.framework */; settings = {ATTRIBUTES = (CodeSignOnCopy, RemoveHeadersOnCopy, ); }; };
/* End PBXBuildFile section */

/* Begin PBXContainerItemProxy section */
		B3D9940B296A2FBA00F54D06 /* PBXContainerItemProxy */ = {
			isa = PBXContainerItemProxy;
			containerPortal = B3D99407296A2FBA00F54D06 /* Core.xcodeproj */;
			proxyType = 2;
			remoteGlobalIDString = B3F9A7372968DC79009C97BD;
			remoteInfo = Core;
		};
		B3D99473296A9CEB00F54D06 /* PBXContainerItemProxy */ = {
			isa = PBXContainerItemProxy;
			containerPortal = B33BDC23293EC1260043C2DB /* Project object */;
			proxyType = 1;
			remoteGlobalIDString = B33BDC2A293EC1260043C2DB;
			remoteInfo = "Capstone Project";
		};
/* End PBXContainerItemProxy section */

/* Begin PBXCopyFilesBuildPhase section */
		B3D9B82329646BDF00973C96 /* Embed Frameworks */ = {
			isa = PBXCopyFilesBuildPhase;
			buildActionMask = 2147483647;
			dstPath = "";
			dstSubfolderSpec = 10;
			files = (
				B3F9A7482968DDF6009C97BD /* Food.framework in Embed Frameworks */,
				B3F9A7462968DDF6009C97BD /* Favorite.framework in Embed Frameworks */,
				B3D9B82229646BDF00973C96 /* About.framework in Embed Frameworks */,
			);
			name = "Embed Frameworks";
			runOnlyForDeploymentPostprocessing = 0;
		};
/* End PBXCopyFilesBuildPhase section */

/* Begin PBXFileReference section */
		B33BDC2B293EC1260043C2DB /* Capstone Project.app */ = {isa = PBXFileReference; explicitFileType = wrapper.application; includeInIndex = 0; path = "Capstone Project.app"; sourceTree = BUILT_PRODUCTS_DIR; };
		B33BDC2E293EC1260043C2DB /* Capstone_ProjectApp.swift */ = {isa = PBXFileReference; lastKnownFileType = sourcecode.swift; path = Capstone_ProjectApp.swift; sourceTree = "<group>"; };
		B33BDC32293EC1270043C2DB /* Assets.xcassets */ = {isa = PBXFileReference; lastKnownFileType = folder.assetcatalog; path = Assets.xcassets; sourceTree = "<group>"; };
		B33BDC35293EC1270043C2DB /* Preview Assets.xcassets */ = {isa = PBXFileReference; lastKnownFileType = folder.assetcatalog; path = "Preview Assets.xcassets"; sourceTree = "<group>"; };
		B3423B582940188300D5C381 /* BottomTabBar.swift */ = {isa = PBXFileReference; lastKnownFileType = sourcecode.swift; path = BottomTabBar.swift; sourceTree = "<group>"; };
		B3D99407296A2FBA00F54D06 /* Core.xcodeproj */ = {isa = PBXFileReference; lastKnownFileType = "wrapper.pb-project"; name = Core.xcodeproj; path = ../Core/Core.xcodeproj; sourceTree = "<group>"; };
		B3D9946F296A9CEB00F54D06 /* Capstone ProjectTests.xctest */ = {isa = PBXFileReference; explicitFileType = wrapper.cfbundle; includeInIndex = 0; path = "Capstone ProjectTests.xctest"; sourceTree = BUILT_PRODUCTS_DIR; };
		B3D99471296A9CEB00F54D06 /* Capstone_ProjectTests.swift */ = {isa = PBXFileReference; lastKnownFileType = sourcecode.swift; path = Capstone_ProjectTests.swift; sourceTree = "<group>"; };
		B3D9B8022964693300973C96 /* About.framework */ = {isa = PBXFileReference; explicitFileType = wrapper.framework; path = About.framework; sourceTree = BUILT_PRODUCTS_DIR; };
		B3D9B82029646BDF00973C96 /* About.framework */ = {isa = PBXFileReference; explicitFileType = wrapper.framework; path = About.framework; sourceTree = BUILT_PRODUCTS_DIR; };
		B3E794312940CCB1005EAB73 /* Capstone-Project-Info.plist */ = {isa = PBXFileReference; lastKnownFileType = text.plist; path = "Capstone-Project-Info.plist"; sourceTree = SOURCE_ROOT; };
		B3F9A7432968DDF6009C97BD /* Favorite.framework */ = {isa = PBXFileReference; explicitFileType = wrapper.framework; path = Favorite.framework; sourceTree = BUILT_PRODUCTS_DIR; };
		B3F9A7442968DDF6009C97BD /* Food.framework */ = {isa = PBXFileReference; explicitFileType = wrapper.framework; path = Food.framework; sourceTree = BUILT_PRODUCTS_DIR; };
		DD5D19E442E3DB9A67A08DB6 /* Pods-Capstone Project.release.xcconfig */ = {isa = PBXFileReference; includeInIndex = 1; lastKnownFileType = text.xcconfig; name = "Pods-Capstone Project.release.xcconfig"; path = "Target Support Files/Pods-Capstone Project/Pods-Capstone Project.release.xcconfig"; sourceTree = "<group>"; };
		E07728491D2588502D32ABD2 /* Pods-Capstone Project.debug.xcconfig */ = {isa = PBXFileReference; includeInIndex = 1; lastKnownFileType = text.xcconfig; name = "Pods-Capstone Project.debug.xcconfig"; path = "Target Support Files/Pods-Capstone Project/Pods-Capstone Project.debug.xcconfig"; sourceTree = "<group>"; };
		E4D173E6CD7E73328863FE61 /* Pods_Capstone_Project.framework */ = {isa = PBXFileReference; explicitFileType = wrapper.framework; includeInIndex = 0; path = Pods_Capstone_Project.framework; sourceTree = BUILT_PRODUCTS_DIR; };
/* End PBXFileReference section */

/* Begin PBXFrameworksBuildPhase section */
		B33BDC28293EC1260043C2DB /* Frameworks */ = {
			isa = PBXFrameworksBuildPhase;
			buildActionMask = 2147483647;
			files = (
				B3F9A7472968DDF6009C97BD /* Food.framework in Frameworks */,
				B3F9A7452968DDF6009C97BD /* Favorite.framework in Frameworks */,
				B3D9B82129646BDF00973C96 /* About.framework in Frameworks */,
				1780E3794BC1779E569A69D2 /* Pods_Capstone_Project.framework in Frameworks */,
			);
			runOnlyForDeploymentPostprocessing = 0;
		};
		B3D9946C296A9CEB00F54D06 /* Frameworks */ = {
			isa = PBXFrameworksBuildPhase;
			buildActionMask = 2147483647;
			files = (
			);
			runOnlyForDeploymentPostprocessing = 0;
		};
/* End PBXFrameworksBuildPhase section */

/* Begin PBXGroup section */
		15782F753C08D42822A12E9D /* Frameworks */ = {
			isa = PBXGroup;
			children = (
				B3D99407296A2FBA00F54D06 /* Core.xcodeproj */,
				B3F9A7432968DDF6009C97BD /* Favorite.framework */,
				B3F9A7442968DDF6009C97BD /* Food.framework */,
				B3D9B82029646BDF00973C96 /* About.framework */,
				B3D9B8022964693300973C96 /* About.framework */,
				E4D173E6CD7E73328863FE61 /* Pods_Capstone_Project.framework */,
			);
			name = Frameworks;
			sourceTree = "<group>";
		};
		B33BDC22293EC1260043C2DB = {
			isa = PBXGroup;
			children = (
				B33BDC2D293EC1260043C2DB /* Capstone Project */,
				B3D99470296A9CEB00F54D06 /* Capstone ProjectTests */,
				B33BDC2C293EC1260043C2DB /* Products */,
				C3C543BEEB32099A13C90D89 /* Pods */,
				15782F753C08D42822A12E9D /* Frameworks */,
			);
			sourceTree = "<group>";
		};
		B33BDC2C293EC1260043C2DB /* Products */ = {
			isa = PBXGroup;
			children = (
				B33BDC2B293EC1260043C2DB /* Capstone Project.app */,
				B3D9946F296A9CEB00F54D06 /* Capstone ProjectTests.xctest */,
			);
			name = Products;
			sourceTree = "<group>";
		};
		B33BDC2D293EC1260043C2DB /* Capstone Project */ = {
			isa = PBXGroup;
			children = (
				B3E794312940CCB1005EAB73 /* Capstone-Project-Info.plist */,
				B33BDC42293ED3090043C2DB /* App */,
				B33BDC43293ED3290043C2DB /* Core */,
				B33BDC40293ED29E0043C2DB /* Supporting Files */,
				B33BDC34293EC1270043C2DB /* Preview Content */,
			);
			path = "Capstone Project";
			sourceTree = "<group>";
		};
		B33BDC34293EC1270043C2DB /* Preview Content */ = {
			isa = PBXGroup;
			children = (
				B33BDC35293EC1270043C2DB /* Preview Assets.xcassets */,
			);
			path = "Preview Content";
			sourceTree = "<group>";
		};
		B33BDC40293ED29E0043C2DB /* Supporting Files */ = {
			isa = PBXGroup;
			children = (
				B33BDC32293EC1270043C2DB /* Assets.xcassets */,
			);
			path = "Supporting Files";
			sourceTree = "<group>";
		};
		B33BDC42293ED3090043C2DB /* App */ = {
			isa = PBXGroup;
			children = (
				B33BDC2E293EC1260043C2DB /* Capstone_ProjectApp.swift */,
			);
			path = App;
			sourceTree = "<group>";
		};
		B33BDC43293ED3290043C2DB /* Core */ = {
			isa = PBXGroup;
			children = (
				B33BDC45293ED3640043C2DB /* Utils */,
			);
			path = Core;
			sourceTree = "<group>";
		};
		B33BDC45293ED3640043C2DB /* Utils */ = {
			isa = PBXGroup;
			children = (
				B3E7942D2940CAE9005EAB73 /* View */,
			);
			path = Utils;
			sourceTree = "<group>";
		};
		B3D99408296A2FBA00F54D06 /* Products */ = {
			isa = PBXGroup;
			children = (
				B3D9940C296A2FBA00F54D06 /* Core.framework */,
			);
			name = Products;
			sourceTree = "<group>";
		};
		B3D99470296A9CEB00F54D06 /* Capstone ProjectTests */ = {
			isa = PBXGroup;
			children = (
				B3D99471296A9CEB00F54D06 /* Capstone_ProjectTests.swift */,
			);
			path = "Capstone ProjectTests";
			sourceTree = "<group>";
		};
		B3E7942D2940CAE9005EAB73 /* View */ = {
			isa = PBXGroup;
			children = (
				B3423B582940188300D5C381 /* BottomTabBar.swift */,
			);
			path = View;
			sourceTree = "<group>";
		};
		C3C543BEEB32099A13C90D89 /* Pods */ = {
			isa = PBXGroup;
			children = (
				E07728491D2588502D32ABD2 /* Pods-Capstone Project.debug.xcconfig */,
				DD5D19E442E3DB9A67A08DB6 /* Pods-Capstone Project.release.xcconfig */,
			);
			path = Pods;
			sourceTree = "<group>";
		};
/* End PBXGroup section */

/* Begin PBXNativeTarget section */
		B33BDC2A293EC1260043C2DB /* Capstone Project */ = {
			isa = PBXNativeTarget;
			buildConfigurationList = B33BDC39293EC1270043C2DB /* Build configuration list for PBXNativeTarget "Capstone Project" */;
			buildPhases = (
				B36973D7A944AEBBF52FC413 /* [CP] Check Pods Manifest.lock */,
				B33BDC27293EC1260043C2DB /* Sources */,
				B33BDC28293EC1260043C2DB /* Frameworks */,
				B33BDC29293EC1260043C2DB /* Resources */,
				B33BDC3F293EC73C0043C2DB /* ShellScript */,
				B3D9B82329646BDF00973C96 /* Embed Frameworks */,
			);
			buildRules = (
			);
			dependencies = (
			);
			name = "Capstone Project";
			packageProductDependencies = (
			);
			productName = "Capstone Project";
			productReference = B33BDC2B293EC1260043C2DB /* Capstone Project.app */;
			productType = "com.apple.product-type.application";
		};
		B3D9946E296A9CEB00F54D06 /* Capstone ProjectTests */ = {
			isa = PBXNativeTarget;
			buildConfigurationList = B3D99478296A9CEB00F54D06 /* Build configuration list for PBXNativeTarget "Capstone ProjectTests" */;
			buildPhases = (
				B3D9946B296A9CEB00F54D06 /* Sources */,
				B3D9946C296A9CEB00F54D06 /* Frameworks */,
				B3D9946D296A9CEB00F54D06 /* Resources */,
			);
			buildRules = (
			);
			dependencies = (
				B3D99474296A9CEB00F54D06 /* PBXTargetDependency */,
			);
			name = "Capstone ProjectTests";
			productName = "Capstone ProjectTests";
			productReference = B3D9946F296A9CEB00F54D06 /* Capstone ProjectTests.xctest */;
			productType = "com.apple.product-type.bundle.unit-test";
		};
/* End PBXNativeTarget section */

/* Begin PBXProject section */
		B33BDC23293EC1260043C2DB /* Project object */ = {
			isa = PBXProject;
			attributes = {
				BuildIndependentTargetsInParallel = 1;
				LastSwiftUpdateCheck = 1400;
				LastUpgradeCheck = 1400;
				TargetAttributes = {
					B33BDC2A293EC1260043C2DB = {
						CreatedOnToolsVersion = 14.0.1;
					};
					B3D9946E296A9CEB00F54D06 = {
						CreatedOnToolsVersion = 14.0.1;
						TestTargetID = B33BDC2A293EC1260043C2DB;
					};
				};
			};
			buildConfigurationList = B33BDC26293EC1260043C2DB /* Build configuration list for PBXProject "Capstone Project" */;
			compatibilityVersion = "Xcode 14.0";
			developmentRegion = en;
			hasScannedForEncodings = 0;
			knownRegions = (
				en,
				Base,
			);
			mainGroup = B33BDC22293EC1260043C2DB;
			packageReferences = (
			);
			productRefGroup = B33BDC2C293EC1260043C2DB /* Products */;
			projectDirPath = "";
			projectReferences = (
				{
					ProductGroup = B3D99408296A2FBA00F54D06 /* Products */;
					ProjectRef = B3D99407296A2FBA00F54D06 /* Core.xcodeproj */;
				},
			);
			projectRoot = "";
			targets = (
				B33BDC2A293EC1260043C2DB /* Capstone Project */,
				B3D9946E296A9CEB00F54D06 /* Capstone ProjectTests */,
			);
		};
/* End PBXProject section */

/* Begin PBXReferenceProxy section */
		B3D9940C296A2FBA00F54D06 /* Core.framework */ = {
			isa = PBXReferenceProxy;
			fileType = wrapper.framework;
			path = Core.framework;
			remoteRef = B3D9940B296A2FBA00F54D06 /* PBXContainerItemProxy */;
			sourceTree = BUILT_PRODUCTS_DIR;
		};
/* End PBXReferenceProxy section */

/* Begin PBXResourcesBuildPhase section */
		B33BDC29293EC1260043C2DB /* Resources */ = {
			isa = PBXResourcesBuildPhase;
			buildActionMask = 2147483647;
			files = (
				B33BDC36293EC1270043C2DB /* Preview Assets.xcassets in Resources */,
				B33BDC33293EC1270043C2DB /* Assets.xcassets in Resources */,
			);
			runOnlyForDeploymentPostprocessing = 0;
		};
		B3D9946D296A9CEB00F54D06 /* Resources */ = {
			isa = PBXResourcesBuildPhase;
			buildActionMask = 2147483647;
			files = (
			);
			runOnlyForDeploymentPostprocessing = 0;
		};
/* End PBXResourcesBuildPhase section */

/* Begin PBXShellScriptBuildPhase section */
		B33BDC3F293EC73C0043C2DB /* ShellScript */ = {
			isa = PBXShellScriptBuildPhase;
			buildActionMask = 12;
			files = (
			);
			inputFileListPaths = (
			);
			inputPaths = (
			);
			outputFileListPaths = (
			);
			outputPaths = (
			);
			runOnlyForDeploymentPostprocessing = 0;
			shellPath = /bin/sh;
			shellScript = "export PATH=\"$PATH:/opt/homebrew/bin\"\nif which swiftlint > /dev/null; then\n  swiftlint\nelse\n  echo \"warning: SwiftLint not installed, download from https://github.com/realm/SwiftLint\"\nfi\n\n";
		};
		B36973D7A944AEBBF52FC413 /* [CP] Check Pods Manifest.lock */ = {
			isa = PBXShellScriptBuildPhase;
			buildActionMask = 2147483647;
			files = (
			);
			inputFileListPaths = (
			);
			inputPaths = (
				"${PODS_PODFILE_DIR_PATH}/Podfile.lock",
				"${PODS_ROOT}/Manifest.lock",
			);
			name = "[CP] Check Pods Manifest.lock";
			outputFileListPaths = (
			);
			outputPaths = (
				"$(DERIVED_FILE_DIR)/Pods-Capstone Project-checkManifestLockResult.txt",
			);
			runOnlyForDeploymentPostprocessing = 0;
			shellPath = /bin/sh;
			shellScript = "diff \"${PODS_PODFILE_DIR_PATH}/Podfile.lock\" \"${PODS_ROOT}/Manifest.lock\" > /dev/null\nif [ $? != 0 ] ; then\n    # print error to STDERR\n    echo \"error: The sandbox is not in sync with the Podfile.lock. Run 'pod install' or update your CocoaPods installation.\" >&2\n    exit 1\nfi\n# This output is used by Xcode 'outputs' to avoid re-running this script phase.\necho \"SUCCESS\" > \"${SCRIPT_OUTPUT_FILE_0}\"\n";
			showEnvVarsInLog = 0;
		};
/* End PBXShellScriptBuildPhase section */

/* Begin PBXSourcesBuildPhase section */
		B33BDC27293EC1260043C2DB /* Sources */ = {
			isa = PBXSourcesBuildPhase;
			buildActionMask = 2147483647;
			files = (
				B3423B592940188300D5C381 /* BottomTabBar.swift in Sources */,
				B33BDC2F293EC1260043C2DB /* Capstone_ProjectApp.swift in Sources */,
			);
			runOnlyForDeploymentPostprocessing = 0;
		};
		B3D9946B296A9CEB00F54D06 /* Sources */ = {
			isa = PBXSourcesBuildPhase;
			buildActionMask = 2147483647;
			files = (
				B3D99472296A9CEB00F54D06 /* Capstone_ProjectTests.swift in Sources */,
			);
			runOnlyForDeploymentPostprocessing = 0;
		};
/* End PBXSourcesBuildPhase section */

/* Begin PBXTargetDependency section */
		B3D99474296A9CEB00F54D06 /* PBXTargetDependency */ = {
			isa = PBXTargetDependency;
			target = B33BDC2A293EC1260043C2DB /* Capstone Project */;
			targetProxy = B3D99473296A9CEB00F54D06 /* PBXContainerItemProxy */;
		};
/* End PBXTargetDependency section */

/* Begin XCBuildConfiguration section */
		B33BDC37293EC1270043C2DB /* Debug */ = {
			isa = XCBuildConfiguration;
			buildSettings = {
				ALWAYS_SEARCH_USER_PATHS = NO;
				CLANG_ANALYZER_NONNULL = YES;
				CLANG_ANALYZER_NUMBER_OBJECT_CONVERSION = YES_AGGRESSIVE;
				CLANG_CXX_LANGUAGE_STANDARD = "gnu++20";
				CLANG_ENABLE_MODULES = YES;
				CLANG_ENABLE_OBJC_ARC = YES;
				CLANG_ENABLE_OBJC_WEAK = YES;
				CLANG_WARN_BLOCK_CAPTURE_AUTORELEASING = YES;
				CLANG_WARN_BOOL_CONVERSION = YES;
				CLANG_WARN_COMMA = YES;
				CLANG_WARN_CONSTANT_CONVERSION = YES;
				CLANG_WARN_DEPRECATED_OBJC_IMPLEMENTATIONS = YES;
				CLANG_WARN_DIRECT_OBJC_ISA_USAGE = YES_ERROR;
				CLANG_WARN_DOCUMENTATION_COMMENTS = YES;
				CLANG_WARN_EMPTY_BODY = YES;
				CLANG_WARN_ENUM_CONVERSION = YES;
				CLANG_WARN_INFINITE_RECURSION = YES;
				CLANG_WARN_INT_CONVERSION = YES;
				CLANG_WARN_NON_LITERAL_NULL_CONVERSION = YES;
				CLANG_WARN_OBJC_IMPLICIT_RETAIN_SELF = YES;
				CLANG_WARN_OBJC_LITERAL_CONVERSION = YES;
				CLANG_WARN_OBJC_ROOT_CLASS = YES_ERROR;
				CLANG_WARN_QUOTED_INCLUDE_IN_FRAMEWORK_HEADER = YES;
				CLANG_WARN_RANGE_LOOP_ANALYSIS = YES;
				CLANG_WARN_STRICT_PROTOTYPES = YES;
				CLANG_WARN_SUSPICIOUS_MOVE = YES;
				CLANG_WARN_UNGUARDED_AVAILABILITY = YES_AGGRESSIVE;
				CLANG_WARN_UNREACHABLE_CODE = YES;
				CLANG_WARN__DUPLICATE_METHOD_MATCH = YES;
				COPY_PHASE_STRIP = NO;
				DEBUG_INFORMATION_FORMAT = dwarf;
				ENABLE_STRICT_OBJC_MSGSEND = YES;
				ENABLE_TESTABILITY = YES;
				GCC_C_LANGUAGE_STANDARD = gnu11;
				GCC_DYNAMIC_NO_PIC = NO;
				GCC_NO_COMMON_BLOCKS = YES;
				GCC_OPTIMIZATION_LEVEL = 0;
				GCC_PREPROCESSOR_DEFINITIONS = (
					"DEBUG=1",
					"$(inherited)",
				);
				GCC_WARN_64_TO_32_BIT_CONVERSION = YES;
				GCC_WARN_ABOUT_RETURN_TYPE = YES_ERROR;
				GCC_WARN_UNDECLARED_SELECTOR = YES;
				GCC_WARN_UNINITIALIZED_AUTOS = YES_AGGRESSIVE;
				GCC_WARN_UNUSED_FUNCTION = YES;
				GCC_WARN_UNUSED_VARIABLE = YES;
				IPHONEOS_DEPLOYMENT_TARGET = 16.0;
				MTL_ENABLE_DEBUG_INFO = INCLUDE_SOURCE;
				MTL_FAST_MATH = YES;
				ONLY_ACTIVE_ARCH = YES;
				SDKROOT = iphoneos;
				SWIFT_ACTIVE_COMPILATION_CONDITIONS = DEBUG;
				SWIFT_OPTIMIZATION_LEVEL = "-Onone";
			};
			name = Debug;
		};
		B33BDC38293EC1270043C2DB /* Release */ = {
			isa = XCBuildConfiguration;
			buildSettings = {
				ALWAYS_SEARCH_USER_PATHS = NO;
				CLANG_ANALYZER_NONNULL = YES;
				CLANG_ANALYZER_NUMBER_OBJECT_CONVERSION = YES_AGGRESSIVE;
				CLANG_CXX_LANGUAGE_STANDARD = "gnu++20";
				CLANG_ENABLE_MODULES = YES;
				CLANG_ENABLE_OBJC_ARC = YES;
				CLANG_ENABLE_OBJC_WEAK = YES;
				CLANG_WARN_BLOCK_CAPTURE_AUTORELEASING = YES;
				CLANG_WARN_BOOL_CONVERSION = YES;
				CLANG_WARN_COMMA = YES;
				CLANG_WARN_CONSTANT_CONVERSION = YES;
				CLANG_WARN_DEPRECATED_OBJC_IMPLEMENTATIONS = YES;
				CLANG_WARN_DIRECT_OBJC_ISA_USAGE = YES_ERROR;
				CLANG_WARN_DOCUMENTATION_COMMENTS = YES;
				CLANG_WARN_EMPTY_BODY = YES;
				CLANG_WARN_ENUM_CONVERSION = YES;
				CLANG_WARN_INFINITE_RECURSION = YES;
				CLANG_WARN_INT_CONVERSION = YES;
				CLANG_WARN_NON_LITERAL_NULL_CONVERSION = YES;
				CLANG_WARN_OBJC_IMPLICIT_RETAIN_SELF = YES;
				CLANG_WARN_OBJC_LITERAL_CONVERSION = YES;
				CLANG_WARN_OBJC_ROOT_CLASS = YES_ERROR;
				CLANG_WARN_QUOTED_INCLUDE_IN_FRAMEWORK_HEADER = YES;
				CLANG_WARN_RANGE_LOOP_ANALYSIS = YES;
				CLANG_WARN_STRICT_PROTOTYPES = YES;
				CLANG_WARN_SUSPICIOUS_MOVE = YES;
				CLANG_WARN_UNGUARDED_AVAILABILITY = YES_AGGRESSIVE;
				CLANG_WARN_UNREACHABLE_CODE = YES;
				CLANG_WARN__DUPLICATE_METHOD_MATCH = YES;
				COPY_PHASE_STRIP = NO;
				DEBUG_INFORMATION_FORMAT = "dwarf-with-dsym";
				ENABLE_NS_ASSERTIONS = NO;
				ENABLE_STRICT_OBJC_MSGSEND = YES;
				GCC_C_LANGUAGE_STANDARD = gnu11;
				GCC_NO_COMMON_BLOCKS = YES;
				GCC_WARN_64_TO_32_BIT_CONVERSION = YES;
				GCC_WARN_ABOUT_RETURN_TYPE = YES_ERROR;
				GCC_WARN_UNDECLARED_SELECTOR = YES;
				GCC_WARN_UNINITIALIZED_AUTOS = YES_AGGRESSIVE;
				GCC_WARN_UNUSED_FUNCTION = YES;
				GCC_WARN_UNUSED_VARIABLE = YES;
				IPHONEOS_DEPLOYMENT_TARGET = 16.0;
				MTL_ENABLE_DEBUG_INFO = NO;
				MTL_FAST_MATH = YES;
				SDKROOT = iphoneos;
				SWIFT_COMPILATION_MODE = wholemodule;
				SWIFT_OPTIMIZATION_LEVEL = "-O";
				VALIDATE_PRODUCT = YES;
			};
			name = Release;
		};
		B33BDC3A293EC1270043C2DB /* Debug */ = {
			isa = XCBuildConfiguration;
			baseConfigurationReference = E07728491D2588502D32ABD2 /* Pods-Capstone Project.debug.xcconfig */;
			buildSettings = {
				ASSETCATALOG_COMPILER_APPICON_NAME = AppIcon;
				ASSETCATALOG_COMPILER_GLOBAL_ACCENT_COLOR_NAME = AccentColor;
				CODE_SIGN_STYLE = Automatic;
				CURRENT_PROJECT_VERSION = 1;
				DEVELOPMENT_ASSET_PATHS = "\"Capstone Project/Preview Content\"";
				DEVELOPMENT_TEAM = Q36DPB2949;
				ENABLE_PREVIEWS = YES;
				GENERATE_INFOPLIST_FILE = YES;
				INFOPLIST_FILE = "Capstone-Project-Info.plist";
				INFOPLIST_KEY_UIApplicationSceneManifest_Generation = YES;
				INFOPLIST_KEY_UIApplicationSupportsIndirectInputEvents = YES;
				INFOPLIST_KEY_UILaunchScreen_Generation = YES;
				INFOPLIST_KEY_UISupportedInterfaceOrientations_iPad = "UIInterfaceOrientationPortrait UIInterfaceOrientationPortraitUpsideDown UIInterfaceOrientationLandscapeLeft UIInterfaceOrientationLandscapeRight";
				INFOPLIST_KEY_UISupportedInterfaceOrientations_iPhone = "UIInterfaceOrientationPortrait UIInterfaceOrientationLandscapeLeft UIInterfaceOrientationLandscapeRight";
				LD_RUNPATH_SEARCH_PATHS = (
					"$(inherited)",
					"@executable_path/Frameworks",
				);
				MARKETING_VERSION = 1.0;
				PRODUCT_BUNDLE_IDENTIFIER = "septehabudin.Capstone-Project";
				PRODUCT_NAME = "$(TARGET_NAME)";
				SWIFT_EMIT_LOC_STRINGS = YES;
				SWIFT_VERSION = 5.0;
				TARGETED_DEVICE_FAMILY = "1,2";
			};
			name = Debug;
		};
		B33BDC3B293EC1270043C2DB /* Release */ = {
			isa = XCBuildConfiguration;
			baseConfigurationReference = DD5D19E442E3DB9A67A08DB6 /* Pods-Capstone Project.release.xcconfig */;
			buildSettings = {
				ASSETCATALOG_COMPILER_APPICON_NAME = AppIcon;
				ASSETCATALOG_COMPILER_GLOBAL_ACCENT_COLOR_NAME = AccentColor;
				CODE_SIGN_STYLE = Automatic;
				CURRENT_PROJECT_VERSION = 1;
				DEVELOPMENT_ASSET_PATHS = "\"Capstone Project/Preview Content\"";
				DEVELOPMENT_TEAM = Q36DPB2949;
				ENABLE_PREVIEWS = YES;
				GENERATE_INFOPLIST_FILE = YES;
				INFOPLIST_FILE = "Capstone-Project-Info.plist";
				INFOPLIST_KEY_UIApplicationSceneManifest_Generation = YES;
				INFOPLIST_KEY_UIApplicationSupportsIndirectInputEvents = YES;
				INFOPLIST_KEY_UILaunchScreen_Generation = YES;
				INFOPLIST_KEY_UISupportedInterfaceOrientations_iPad = "UIInterfaceOrientationPortrait UIInterfaceOrientationPortraitUpsideDown UIInterfaceOrientationLandscapeLeft UIInterfaceOrientationLandscapeRight";
				INFOPLIST_KEY_UISupportedInterfaceOrientations_iPhone = "UIInterfaceOrientationPortrait UIInterfaceOrientationLandscapeLeft UIInterfaceOrientationLandscapeRight";
				LD_RUNPATH_SEARCH_PATHS = (
					"$(inherited)",
					"@executable_path/Frameworks",
				);
				MARKETING_VERSION = 1.0;
				PRODUCT_BUNDLE_IDENTIFIER = "septehabudin.Capstone-Project";
				PRODUCT_NAME = "$(TARGET_NAME)";
				SWIFT_EMIT_LOC_STRINGS = YES;
				SWIFT_VERSION = 5.0;
				TARGETED_DEVICE_FAMILY = "1,2";
			};
			name = Release;
		};
		B3D99475296A9CEB00F54D06 /* Debug */ = {
			isa = XCBuildConfiguration;
			buildSettings = {
				BUNDLE_LOADER = "$(TEST_HOST)";
				CODE_SIGN_STYLE = Automatic;
				CURRENT_PROJECT_VERSION = 1;
				DEVELOPMENT_TEAM = Q36DPB2949;
				GENERATE_INFOPLIST_FILE = YES;
				MARKETING_VERSION = 1.0;
				PRODUCT_BUNDLE_IDENTIFIER = "septehabudin.Capstone-ProjectTests";
				PRODUCT_NAME = "$(TARGET_NAME)";
				SWIFT_EMIT_LOC_STRINGS = NO;
				SWIFT_VERSION = 5.0;
				TARGETED_DEVICE_FAMILY = "1,2";
				TEST_HOST = "$(BUILT_PRODUCTS_DIR)/Capstone Project.app/$(BUNDLE_EXECUTABLE_FOLDER_PATH)/Capstone Project";
			};
			name = Debug;
		};
		B3D99476296A9CEB00F54D06 /* Release */ = {
			isa = XCBuildConfiguration;
			buildSettings = {
				BUNDLE_LOADER = "$(TEST_HOST)";
				CODE_SIGN_STYLE = Automatic;
				CURRENT_PROJECT_VERSION = 1;
				DEVELOPMENT_TEAM = Q36DPB2949;
				GENERATE_INFOPLIST_FILE = YES;
				MARKETING_VERSION = 1.0;
				PRODUCT_BUNDLE_IDENTIFIER = "septehabudin.Capstone-ProjectTests";
				PRODUCT_NAME = "$(TARGET_NAME)";
				SWIFT_EMIT_LOC_STRINGS = NO;
				SWIFT_VERSION = 5.0;
				TARGETED_DEVICE_FAMILY = "1,2";
				TEST_HOST = "$(BUILT_PRODUCTS_DIR)/Capstone Project.app/$(BUNDLE_EXECUTABLE_FOLDER_PATH)/Capstone Project";
			};
			name = Release;
		};
/* End XCBuildConfiguration section */

/* Begin XCConfigurationList section */
		B33BDC26293EC1260043C2DB /* Build configuration list for PBXProject "Capstone Project" */ = {
			isa = XCConfigurationList;
			buildConfigurations = (
				B33BDC37293EC1270043C2DB /* Debug */,
				B33BDC38293EC1270043C2DB /* Release */,
			);
			defaultConfigurationIsVisible = 0;
			defaultConfigurationName = Release;
		};
		B33BDC39293EC1270043C2DB /* Build configuration list for PBXNativeTarget "Capstone Project" */ = {
			isa = XCConfigurationList;
			buildConfigurations = (
				B33BDC3A293EC1270043C2DB /* Debug */,
				B33BDC3B293EC1270043C2DB /* Release */,
			);
			defaultConfigurationIsVisible = 0;
			defaultConfigurationName = Release;
		};
		B3D99478296A9CEB00F54D06 /* Build configuration list for PBXNativeTarget "Capstone ProjectTests" */ = {
			isa = XCConfigurationList;
			buildConfigurations = (
				B3D99475296A9CEB00F54D06 /* Debug */,
				B3D99476296A9CEB00F54D06 /* Release */,
			);
			defaultConfigurationIsVisible = 0;
			defaultConfigurationName = Release;
		};
/* End XCConfigurationList section */
	};
	rootObject = B33BDC23293EC1260043C2DB /* Project object */;
}
