// !$*UTF8*$!
{
	archiveVersion = 1;
	classes = {
	};
	objectVersion = 56;
	objects = {

/* Begin PBXBuildFile section */
		B33ECFD3296AC6D5007508CB /* Food.docc in Sources */ = {isa = PBXBuildFile; fileRef = B33ECFD2296AC6D5007508CB /* Food.docc */; };
		B33ECFD4296AC6D5007508CB /* Food.h in Headers */ = {isa = PBXBuildFile; fileRef = B33ECFD1296AC6D5007508CB /* Food.h */; settings = {ATTRIBUTES = (Public, ); }; };
		B33ECFDF296AC735007508CB /* FoodView.swift in Sources */ = {isa = PBXBuildFile; fileRef = B33ECFDE296AC735007508CB /* FoodView.swift */; };
		B33ECFE1296AC756007508CB /* FoodRow.swift in Sources */ = {isa = PBXBuildFile; fileRef = B33ECFE0296AC756007508CB /* FoodRow.swift */; };
		B33ECFE3296AC773007508CB /* FoodDetailView.swift in Sources */ = {isa = PBXBuildFile; fileRef = B33ECFE2296AC773007508CB /* FoodDetailView.swift */; };
		B33ECFE5296AC792007508CB /* FoodPresenter.swift in Sources */ = {isa = PBXBuildFile; fileRef = B33ECFE4296AC792007508CB /* FoodPresenter.swift */; };
		B33ECFE7296AC7AE007508CB /* FoodDetailPresenter.swift in Sources */ = {isa = PBXBuildFile; fileRef = B33ECFE6296AC7AE007508CB /* FoodDetailPresenter.swift */; };
		B33ECFE9296AC7C9007508CB /* FoodRoute.swift in Sources */ = {isa = PBXBuildFile; fileRef = B33ECFE8296AC7C9007508CB /* FoodRoute.swift */; };
		B33ECFF2296AC81C007508CB /* Realm in Frameworks */ = {isa = PBXBuildFile; productRef = B33ECFF1296AC81C007508CB /* Realm */; };
		B33ECFF4296AC81C007508CB /* RealmSwift in Frameworks */ = {isa = PBXBuildFile; productRef = B33ECFF3296AC81C007508CB /* RealmSwift */; };
		B33ECFF7296AC82F007508CB /* SDWebImageSwiftUI in Frameworks */ = {isa = PBXBuildFile; productRef = B33ECFF6296AC82F007508CB /* SDWebImageSwiftUI */; };
		B33ECFF9296AC84A007508CB /* Core.framework in Frameworks */ = {isa = PBXBuildFile; fileRef = B33ECFF8296AC84A007508CB /* Core.framework */; };
		D459D8BD310A54265586AD88 /* Pods_Food.framework in Frameworks */ = {isa = PBXBuildFile; fileRef = 5FCF143ABCA0BE499FCFC411 /* Pods_Food.framework */; };
/* End PBXBuildFile section */

/* Begin PBXFileReference section */
		5FCF143ABCA0BE499FCFC411 /* Pods_Food.framework */ = {isa = PBXFileReference; explicitFileType = wrapper.framework; includeInIndex = 0; path = Pods_Food.framework; sourceTree = BUILT_PRODUCTS_DIR; };
		6A98C5AE3825F16B12CB7983 /* Pods-Food.release.xcconfig */ = {isa = PBXFileReference; includeInIndex = 1; lastKnownFileType = text.xcconfig; name = "Pods-Food.release.xcconfig"; path = "Target Support Files/Pods-Food/Pods-Food.release.xcconfig"; sourceTree = "<group>"; };
		B33ECFCE296AC6D5007508CB /* Food.framework */ = {isa = PBXFileReference; explicitFileType = wrapper.framework; includeInIndex = 0; path = Food.framework; sourceTree = BUILT_PRODUCTS_DIR; };
		B33ECFD1296AC6D5007508CB /* Food.h */ = {isa = PBXFileReference; lastKnownFileType = sourcecode.c.h; path = Food.h; sourceTree = "<group>"; };
		B33ECFD2296AC6D5007508CB /* Food.docc */ = {isa = PBXFileReference; lastKnownFileType = folder.documentationcatalog; path = Food.docc; sourceTree = "<group>"; };
		B33ECFDE296AC735007508CB /* FoodView.swift */ = {isa = PBXFileReference; lastKnownFileType = sourcecode.swift; path = FoodView.swift; sourceTree = "<group>"; };
		B33ECFE0296AC756007508CB /* FoodRow.swift */ = {isa = PBXFileReference; lastKnownFileType = sourcecode.swift; path = FoodRow.swift; sourceTree = "<group>"; };
		B33ECFE2296AC773007508CB /* FoodDetailView.swift */ = {isa = PBXFileReference; lastKnownFileType = sourcecode.swift; path = FoodDetailView.swift; sourceTree = "<group>"; };
		B33ECFE4296AC792007508CB /* FoodPresenter.swift */ = {isa = PBXFileReference; lastKnownFileType = sourcecode.swift; path = FoodPresenter.swift; sourceTree = "<group>"; };
		B33ECFE6296AC7AE007508CB /* FoodDetailPresenter.swift */ = {isa = PBXFileReference; lastKnownFileType = sourcecode.swift; path = FoodDetailPresenter.swift; sourceTree = "<group>"; };
		B33ECFE8296AC7C9007508CB /* FoodRoute.swift */ = {isa = PBXFileReference; lastKnownFileType = sourcecode.swift; path = FoodRoute.swift; sourceTree = "<group>"; };
		B33ECFF8296AC84A007508CB /* Core.framework */ = {isa = PBXFileReference; explicitFileType = wrapper.framework; path = Core.framework; sourceTree = BUILT_PRODUCTS_DIR; };
		EAD071CFD0452EA602131F45 /* Pods-Food.debug.xcconfig */ = {isa = PBXFileReference; includeInIndex = 1; lastKnownFileType = text.xcconfig; name = "Pods-Food.debug.xcconfig"; path = "Target Support Files/Pods-Food/Pods-Food.debug.xcconfig"; sourceTree = "<group>"; };
/* End PBXFileReference section */

/* Begin PBXFrameworksBuildPhase section */
		B33ECFCB296AC6D5007508CB /* Frameworks */ = {
			isa = PBXFrameworksBuildPhase;
			buildActionMask = 2147483647;
			files = (
				B33ECFF7296AC82F007508CB /* SDWebImageSwiftUI in Frameworks */,
				B33ECFF4296AC81C007508CB /* RealmSwift in Frameworks */,
				B33ECFF2296AC81C007508CB /* Realm in Frameworks */,
				B33ECFF9296AC84A007508CB /* Core.framework in Frameworks */,
				D459D8BD310A54265586AD88 /* Pods_Food.framework in Frameworks */,
			);
			runOnlyForDeploymentPostprocessing = 0;
		};
/* End PBXFrameworksBuildPhase section */

/* Begin PBXGroup section */
		6471D5E0E63547E2869B504B /* Frameworks */ = {
			isa = PBXGroup;
			children = (
				B33ECFF8296AC84A007508CB /* Core.framework */,
				5FCF143ABCA0BE499FCFC411 /* Pods_Food.framework */,
			);
			name = Frameworks;
			sourceTree = "<group>";
		};
		6490B55434E930DA3B32A004 /* Pods */ = {
			isa = PBXGroup;
			children = (
				EAD071CFD0452EA602131F45 /* Pods-Food.debug.xcconfig */,
				6A98C5AE3825F16B12CB7983 /* Pods-Food.release.xcconfig */,
			);
			name = Pods;
			path = ../../Pods;
			sourceTree = "<group>";
		};
		B33ECFC4296AC6D5007508CB = {
			isa = PBXGroup;
			children = (
				B33ECFD0296AC6D5007508CB /* Food */,
				B33ECFCF296AC6D5007508CB /* Products */,
				6490B55434E930DA3B32A004 /* Pods */,
				6471D5E0E63547E2869B504B /* Frameworks */,
			);
			sourceTree = "<group>";
		};
		B33ECFCF296AC6D5007508CB /* Products */ = {
			isa = PBXGroup;
			children = (
				B33ECFCE296AC6D5007508CB /* Food.framework */,
			);
			name = Products;
			sourceTree = "<group>";
		};
		B33ECFD0296AC6D5007508CB /* Food */ = {
			isa = PBXGroup;
			children = (
				B33ECFDC296AC710007508CB /* View */,
				B33ECFDD296AC719007508CB /* Presentation */,
				B33ECFDB296AC707007508CB /* Route */,
				B33ECFD1296AC6D5007508CB /* Food.h */,
				B33ECFD2296AC6D5007508CB /* Food.docc */,
			);
			path = Food;
			sourceTree = "<group>";
		};
		B33ECFDB296AC707007508CB /* Route */ = {
			isa = PBXGroup;
			children = (
				B33ECFE8296AC7C9007508CB /* FoodRoute.swift */,
			);
			path = Route;
			sourceTree = "<group>";
		};
		B33ECFDC296AC710007508CB /* View */ = {
			isa = PBXGroup;
			children = (
				B33ECFDE296AC735007508CB /* FoodView.swift */,
				B33ECFE0296AC756007508CB /* FoodRow.swift */,
				B33ECFE2296AC773007508CB /* FoodDetailView.swift */,
			);
			path = View;
			sourceTree = "<group>";
		};
		B33ECFDD296AC719007508CB /* Presentation */ = {
			isa = PBXGroup;
			children = (
				B33ECFE4296AC792007508CB /* FoodPresenter.swift */,
				B33ECFE6296AC7AE007508CB /* FoodDetailPresenter.swift */,
			);
			path = Presentation;
			sourceTree = "<group>";
		};
/* End PBXGroup section */

/* Begin PBXHeadersBuildPhase section */
		B33ECFC9296AC6D5007508CB /* Headers */ = {
			isa = PBXHeadersBuildPhase;
			buildActionMask = 2147483647;
			files = (
				B33ECFD4296AC6D5007508CB /* Food.h in Headers */,
			);
			runOnlyForDeploymentPostprocessing = 0;
		};
/* End PBXHeadersBuildPhase section */

/* Begin PBXNativeTarget section */
		B33ECFCD296AC6D5007508CB /* Food */ = {
			isa = PBXNativeTarget;
			buildConfigurationList = B33ECFD7296AC6D5007508CB /* Build configuration list for PBXNativeTarget "Food" */;
			buildPhases = (
				071493A871088CCAD7D9D4EF /* [CP] Check Pods Manifest.lock */,
				B33ECFC9296AC6D5007508CB /* Headers */,
				B33ECFCA296AC6D5007508CB /* Sources */,
				B33ECFCB296AC6D5007508CB /* Frameworks */,
				B33ECFCC296AC6D5007508CB /* Resources */,
			);
			buildRules = (
			);
			dependencies = (
			);
			name = Food;
			packageProductDependencies = (
				B33ECFF1296AC81C007508CB /* Realm */,
				B33ECFF3296AC81C007508CB /* RealmSwift */,
				B33ECFF6296AC82F007508CB /* SDWebImageSwiftUI */,
			);
			productName = Food;
			productReference = B33ECFCE296AC6D5007508CB /* Food.framework */;
			productType = "com.apple.product-type.framework";
		};
/* End PBXNativeTarget section */

/* Begin PBXProject section */
		B33ECFC5296AC6D5007508CB /* Project object */ = {
			isa = PBXProject;
			attributes = {
				BuildIndependentTargetsInParallel = 1;
				LastUpgradeCheck = 1400;
				TargetAttributes = {
					B33ECFCD296AC6D5007508CB = {
						CreatedOnToolsVersion = 14.0.1;
					};
				};
			};
			buildConfigurationList = B33ECFC8296AC6D5007508CB /* Build configuration list for PBXProject "Food" */;
			compatibilityVersion = "Xcode 14.0";
			developmentRegion = en;
			hasScannedForEncodings = 0;
			knownRegions = (
				en,
				Base,
			);
			mainGroup = B33ECFC4296AC6D5007508CB;
			packageReferences = (
				B33ECFF0296AC81C007508CB /* XCRemoteSwiftPackageReference "realm-swift" */,
				B33ECFF5296AC82F007508CB /* XCRemoteSwiftPackageReference "SDWebImageSwiftUI" */,
			);
			productRefGroup = B33ECFCF296AC6D5007508CB /* Products */;
			projectDirPath = "";
			projectRoot = "";
			targets = (
				B33ECFCD296AC6D5007508CB /* Food */,
			);
		};
/* End PBXProject section */

/* Begin PBXResourcesBuildPhase section */
		B33ECFCC296AC6D5007508CB /* Resources */ = {
			isa = PBXResourcesBuildPhase;
			buildActionMask = 2147483647;
			files = (
			);
			runOnlyForDeploymentPostprocessing = 0;
		};
/* End PBXResourcesBuildPhase section */

/* Begin PBXShellScriptBuildPhase section */
		071493A871088CCAD7D9D4EF /* [CP] Check Pods Manifest.lock */ = {
			isa = PBXShellScriptBuildPhase;
			buildActionMask = 2147483647;
			files = (
			);
			inputFileListPaths = (
			);
			inputPaths = (
				"${PODS_PODFILE_DIR_PATH}/Podfile.lock",
				"${PODS_ROOT}/Manifest.lock",
			);
			name = "[CP] Check Pods Manifest.lock";
			outputFileListPaths = (
			);
			outputPaths = (
				"$(DERIVED_FILE_DIR)/Pods-Food-checkManifestLockResult.txt",
			);
			runOnlyForDeploymentPostprocessing = 0;
			shellPath = /bin/sh;
			shellScript = "diff \"${PODS_PODFILE_DIR_PATH}/Podfile.lock\" \"${PODS_ROOT}/Manifest.lock\" > /dev/null\nif [ $? != 0 ] ; then\n    # print error to STDERR\n    echo \"error: The sandbox is not in sync with the Podfile.lock. Run 'pod install' or update your CocoaPods installation.\" >&2\n    exit 1\nfi\n# This output is used by Xcode 'outputs' to avoid re-running this script phase.\necho \"SUCCESS\" > \"${SCRIPT_OUTPUT_FILE_0}\"\n";
			showEnvVarsInLog = 0;
		};
/* End PBXShellScriptBuildPhase section */

/* Begin PBXSourcesBuildPhase section */
		B33ECFCA296AC6D5007508CB /* Sources */ = {
			isa = PBXSourcesBuildPhase;
			buildActionMask = 2147483647;
			files = (
				B33ECFE5296AC792007508CB /* FoodPresenter.swift in Sources */,
				B33ECFDF296AC735007508CB /* FoodView.swift in Sources */,
				B33ECFE3296AC773007508CB /* FoodDetailView.swift in Sources */,
				B33ECFE1296AC756007508CB /* FoodRow.swift in Sources */,
				B33ECFD3296AC6D5007508CB /* Food.docc in Sources */,
				B33ECFE7296AC7AE007508CB /* FoodDetailPresenter.swift in Sources */,
				B33ECFE9296AC7C9007508CB /* FoodRoute.swift in Sources */,
			);
			runOnlyForDeploymentPostprocessing = 0;
		};
/* End PBXSourcesBuildPhase section */

/* Begin XCBuildConfiguration section */
		B33ECFD5296AC6D5007508CB /* Debug */ = {
			isa = XCBuildConfiguration;
			buildSettings = {
				ALWAYS_SEARCH_USER_PATHS = NO;
				CLANG_ANALYZER_NONNULL = YES;
				CLANG_ANALYZER_NUMBER_OBJECT_CONVERSION = YES_AGGRESSIVE;
				CLANG_CXX_LANGUAGE_STANDARD = "gnu++20";
				CLANG_ENABLE_MODULES = YES;
				CLANG_ENABLE_OBJC_ARC = YES;
				CLANG_ENABLE_OBJC_WEAK = YES;
				CLANG_WARN_BLOCK_CAPTURE_AUTORELEASING = YES;
				CLANG_WARN_BOOL_CONVERSION = YES;
				CLANG_WARN_COMMA = YES;
				CLANG_WARN_CONSTANT_CONVERSION = YES;
				CLANG_WARN_DEPRECATED_OBJC_IMPLEMENTATIONS = YES;
				CLANG_WARN_DIRECT_OBJC_ISA_USAGE = YES_ERROR;
				CLANG_WARN_DOCUMENTATION_COMMENTS = YES;
				CLANG_WARN_EMPTY_BODY = YES;
				CLANG_WARN_ENUM_CONVERSION = YES;
				CLANG_WARN_INFINITE_RECURSION = YES;
				CLANG_WARN_INT_CONVERSION = YES;
				CLANG_WARN_NON_LITERAL_NULL_CONVERSION = YES;
				CLANG_WARN_OBJC_IMPLICIT_RETAIN_SELF = YES;
				CLANG_WARN_OBJC_LITERAL_CONVERSION = YES;
				CLANG_WARN_OBJC_ROOT_CLASS = YES_ERROR;
				CLANG_WARN_QUOTED_INCLUDE_IN_FRAMEWORK_HEADER = YES;
				CLANG_WARN_RANGE_LOOP_ANALYSIS = YES;
				CLANG_WARN_STRICT_PROTOTYPES = YES;
				CLANG_WARN_SUSPICIOUS_MOVE = YES;
				CLANG_WARN_UNGUARDED_AVAILABILITY = YES_AGGRESSIVE;
				CLANG_WARN_UNREACHABLE_CODE = YES;
				CLANG_WARN__DUPLICATE_METHOD_MATCH = YES;
				COPY_PHASE_STRIP = NO;
				CURRENT_PROJECT_VERSION = 1;
				DEBUG_INFORMATION_FORMAT = dwarf;
				ENABLE_STRICT_OBJC_MSGSEND = YES;
				ENABLE_TESTABILITY = YES;
				GCC_C_LANGUAGE_STANDARD = gnu11;
				GCC_DYNAMIC_NO_PIC = NO;
				GCC_NO_COMMON_BLOCKS = YES;
				GCC_OPTIMIZATION_LEVEL = 0;
				GCC_PREPROCESSOR_DEFINITIONS = (
					"DEBUG=1",
					"$(inherited)",
				);
				GCC_WARN_64_TO_32_BIT_CONVERSION = YES;
				GCC_WARN_ABOUT_RETURN_TYPE = YES_ERROR;
				GCC_WARN_UNDECLARED_SELECTOR = YES;
				GCC_WARN_UNINITIALIZED_AUTOS = YES_AGGRESSIVE;
				GCC_WARN_UNUSED_FUNCTION = YES;
				GCC_WARN_UNUSED_VARIABLE = YES;
				MTL_ENABLE_DEBUG_INFO = INCLUDE_SOURCE;
				MTL_FAST_MATH = YES;
				ONLY_ACTIVE_ARCH = YES;
				SWIFT_ACTIVE_COMPILATION_CONDITIONS = DEBUG;
				SWIFT_OPTIMIZATION_LEVEL = "-Onone";
				VERSIONING_SYSTEM = "apple-generic";
				VERSION_INFO_PREFIX = "";
			};
			name = Debug;
		};
		B33ECFD6296AC6D5007508CB /* Release */ = {
			isa = XCBuildConfiguration;
			buildSettings = {
				ALWAYS_SEARCH_USER_PATHS = NO;
				CLANG_ANALYZER_NONNULL = YES;
				CLANG_ANALYZER_NUMBER_OBJECT_CONVERSION = YES_AGGRESSIVE;
				CLANG_CXX_LANGUAGE_STANDARD = "gnu++20";
				CLANG_ENABLE_MODULES = YES;
				CLANG_ENABLE_OBJC_ARC = YES;
				CLANG_ENABLE_OBJC_WEAK = YES;
				CLANG_WARN_BLOCK_CAPTURE_AUTORELEASING = YES;
				CLANG_WARN_BOOL_CONVERSION = YES;
				CLANG_WARN_COMMA = YES;
				CLANG_WARN_CONSTANT_CONVERSION = YES;
				CLANG_WARN_DEPRECATED_OBJC_IMPLEMENTATIONS = YES;
				CLANG_WARN_DIRECT_OBJC_ISA_USAGE = YES_ERROR;
				CLANG_WARN_DOCUMENTATION_COMMENTS = YES;
				CLANG_WARN_EMPTY_BODY = YES;
				CLANG_WARN_ENUM_CONVERSION = YES;
				CLANG_WARN_INFINITE_RECURSION = YES;
				CLANG_WARN_INT_CONVERSION = YES;
				CLANG_WARN_NON_LITERAL_NULL_CONVERSION = YES;
				CLANG_WARN_OBJC_IMPLICIT_RETAIN_SELF = YES;
				CLANG_WARN_OBJC_LITERAL_CONVERSION = YES;
				CLANG_WARN_OBJC_ROOT_CLASS = YES_ERROR;
				CLANG_WARN_QUOTED_INCLUDE_IN_FRAMEWORK_HEADER = YES;
				CLANG_WARN_RANGE_LOOP_ANALYSIS = YES;
				CLANG_WARN_STRICT_PROTOTYPES = YES;
				CLANG_WARN_SUSPICIOUS_MOVE = YES;
				CLANG_WARN_UNGUARDED_AVAILABILITY = YES_AGGRESSIVE;
				CLANG_WARN_UNREACHABLE_CODE = YES;
				CLANG_WARN__DUPLICATE_METHOD_MATCH = YES;
				COPY_PHASE_STRIP = NO;
				CURRENT_PROJECT_VERSION = 1;
				DEBUG_INFORMATION_FORMAT = "dwarf-with-dsym";
				ENABLE_NS_ASSERTIONS = NO;
				ENABLE_STRICT_OBJC_MSGSEND = YES;
				GCC_C_LANGUAGE_STANDARD = gnu11;
				GCC_NO_COMMON_BLOCKS = YES;
				GCC_WARN_64_TO_32_BIT_CONVERSION = YES;
				GCC_WARN_ABOUT_RETURN_TYPE = YES_ERROR;
				GCC_WARN_UNDECLARED_SELECTOR = YES;
				GCC_WARN_UNINITIALIZED_AUTOS = YES_AGGRESSIVE;
				GCC_WARN_UNUSED_FUNCTION = YES;
				GCC_WARN_UNUSED_VARIABLE = YES;
				MTL_ENABLE_DEBUG_INFO = NO;
				MTL_FAST_MATH = YES;
				SWIFT_COMPILATION_MODE = wholemodule;
				SWIFT_OPTIMIZATION_LEVEL = "-O";
				VERSIONING_SYSTEM = "apple-generic";
				VERSION_INFO_PREFIX = "";
			};
			name = Release;
		};
		B33ECFD8296AC6D5007508CB /* Debug */ = {
			isa = XCBuildConfiguration;
			baseConfigurationReference = EAD071CFD0452EA602131F45 /* Pods-Food.debug.xcconfig */;
			buildSettings = {
				CODE_SIGN_STYLE = Automatic;
				CURRENT_PROJECT_VERSION = 1;
				DEFINES_MODULE = YES;
				DEVELOPMENT_TEAM = Q36DPB2949;
				DYLIB_COMPATIBILITY_VERSION = 1;
				DYLIB_CURRENT_VERSION = 1;
				DYLIB_INSTALL_NAME_BASE = "@rpath";
				GENERATE_INFOPLIST_FILE = YES;
				INFOPLIST_KEY_NSHumanReadableCopyright = "";
				INSTALL_PATH = "$(LOCAL_LIBRARY_DIR)/Frameworks";
				IPHONEOS_DEPLOYMENT_TARGET = 16.0;
				LD_RUNPATH_SEARCH_PATHS = (
					"@executable_path/Frameworks",
					"@loader_path/Frameworks",
				);
				"LD_RUNPATH_SEARCH_PATHS[sdk=macosx*]" = (
					"@executable_path/../Frameworks",
					"@loader_path/Frameworks",
				);
				MACOSX_DEPLOYMENT_TARGET = 12.3;
				MARKETING_VERSION = 1.0;
				PRODUCT_BUNDLE_IDENTIFIER = septehabudin.Food;
				PRODUCT_NAME = "$(TARGET_NAME:c99extidentifier)";
				SDKROOT = auto;
				SKIP_INSTALL = YES;
				SUPPORTED_PLATFORMS = "iphoneos iphonesimulator macosx";
				SWIFT_EMIT_LOC_STRINGS = YES;
				SWIFT_VERSION = 5.0;
				TARGETED_DEVICE_FAMILY = "1,2";
			};
			name = Debug;
		};
		B33ECFD9296AC6D5007508CB /* Release */ = {
			isa = XCBuildConfiguration;
			baseConfigurationReference = 6A98C5AE3825F16B12CB7983 /* Pods-Food.release.xcconfig */;
			buildSettings = {
				CODE_SIGN_STYLE = Automatic;
				CURRENT_PROJECT_VERSION = 1;
				DEFINES_MODULE = YES;
				DEVELOPMENT_TEAM = Q36DPB2949;
				DYLIB_COMPATIBILITY_VERSION = 1;
				DYLIB_CURRENT_VERSION = 1;
				DYLIB_INSTALL_NAME_BASE = "@rpath";
				GENERATE_INFOPLIST_FILE = YES;
				INFOPLIST_KEY_NSHumanReadableCopyright = "";
				INSTALL_PATH = "$(LOCAL_LIBRARY_DIR)/Frameworks";
				IPHONEOS_DEPLOYMENT_TARGET = 16.0;
				LD_RUNPATH_SEARCH_PATHS = (
					"@executable_path/Frameworks",
					"@loader_path/Frameworks",
				);
				"LD_RUNPATH_SEARCH_PATHS[sdk=macosx*]" = (
					"@executable_path/../Frameworks",
					"@loader_path/Frameworks",
				);
				MACOSX_DEPLOYMENT_TARGET = 12.3;
				MARKETING_VERSION = 1.0;
				PRODUCT_BUNDLE_IDENTIFIER = septehabudin.Food;
				PRODUCT_NAME = "$(TARGET_NAME:c99extidentifier)";
				SDKROOT = auto;
				SKIP_INSTALL = YES;
				SUPPORTED_PLATFORMS = "iphoneos iphonesimulator macosx";
				SWIFT_EMIT_LOC_STRINGS = YES;
				SWIFT_VERSION = 5.0;
				TARGETED_DEVICE_FAMILY = "1,2";
			};
			name = Release;
		};
/* End XCBuildConfiguration section */

/* Begin XCConfigurationList section */
		B33ECFC8296AC6D5007508CB /* Build configuration list for PBXProject "Food" */ = {
			isa = XCConfigurationList;
			buildConfigurations = (
				B33ECFD5296AC6D5007508CB /* Debug */,
				B33ECFD6296AC6D5007508CB /* Release */,
			);
			defaultConfigurationIsVisible = 0;
			defaultConfigurationName = Release;
		};
		B33ECFD7296AC6D5007508CB /* Build configuration list for PBXNativeTarget "Food" */ = {
			isa = XCConfigurationList;
			buildConfigurations = (
				B33ECFD8296AC6D5007508CB /* Debug */,
				B33ECFD9296AC6D5007508CB /* Release */,
			);
			defaultConfigurationIsVisible = 0;
			defaultConfigurationName = Release;
		};
/* End XCConfigurationList section */

/* Begin XCRemoteSwiftPackageReference section */
		B33ECFF0296AC81C007508CB /* XCRemoteSwiftPackageReference "realm-swift" */ = {
			isa = XCRemoteSwiftPackageReference;
			repositoryURL = "https://github.com/realm/realm-swift";
			requirement = {
				branch = master;
				kind = branch;
			};
		};
		B33ECFF5296AC82F007508CB /* XCRemoteSwiftPackageReference "SDWebImageSwiftUI" */ = {
			isa = XCRemoteSwiftPackageReference;
			repositoryURL = "https://github.com/SDWebImage/SDWebImageSwiftUI.git";
			requirement = {
				branch = master;
				kind = branch;
			};
		};
/* End XCRemoteSwiftPackageReference section */

/* Begin XCSwiftPackageProductDependency section */
		B33ECFF1296AC81C007508CB /* Realm */ = {
			isa = XCSwiftPackageProductDependency;
			package = B33ECFF0296AC81C007508CB /* XCRemoteSwiftPackageReference "realm-swift" */;
			productName = Realm;
		};
		B33ECFF3296AC81C007508CB /* RealmSwift */ = {
			isa = XCSwiftPackageProductDependency;
			package = B33ECFF0296AC81C007508CB /* XCRemoteSwiftPackageReference "realm-swift" */;
			productName = RealmSwift;
		};
		B33ECFF6296AC82F007508CB /* SDWebImageSwiftUI */ = {
			isa = XCSwiftPackageProductDependency;
			package = B33ECFF5296AC82F007508CB /* XCRemoteSwiftPackageReference "SDWebImageSwiftUI" */;
			productName = SDWebImageSwiftUI;
		};
/* End XCSwiftPackageProductDependency section */
	};
	rootObject = B33ECFC5296AC6D5007508CB /* Project object */;
}
